
Microsoft Visual Studio Solution File, Format Version 12.00
# Visual Studio Version 17
VisualStudioVersion = 17.1.32210.238
MinimumVisualStudioVersion = 10.0.40219.1
Project("{FAE04EC0-301F-11D3-BF4B-00C04F79EFBC}") = "CLASES", "CLASES\CLASES.csproj", "{DE92AC7A-2995-45EE-86B4-A7AF7F70FF23}"
EndProject
Global
	GlobalSection(SolutionConfigurationPlatforms) = preSolution
		Debug|Any CPU = Debug|Any CPU
		Release|Any CPU = Release|Any CPU
	EndGlobalSection
	GlobalSection(ProjectConfigurationPlatforms) = postSolution
		{DE92AC7A-2995-45EE-86B4-A7AF7F70FF23}.Debug|Any CPU.ActiveCfg = Debug|Any CPU
		{DE92AC7A-2995-45EE-86B4-A7AF7F70FF23}.Debug|Any CPU.Build.0 = Debug|Any CPU
		{DE92AC7A-2995-45EE-86B4-A7AF7F70FF23}.Release|Any CPU.ActiveCfg = Release|Any CPU
		{DE92AC7A-2995-45EE-86B4-A7AF7F70FF23}.Release|Any CPU.Build.0 = Release|Any CPU
	EndGlobalSection
	GlobalSection(SolutionProperties) = preSolution
		HideSolutionNode = FALSE
	EndGlobalSection
	GlobalSection(ExtensibilityGlobals) = postSolution
		SolutionGuid = {77065D9C-9ED8-4E19-AFE0-E42921036068}
	EndGlobalSection
EndGlobal
